
Microsoft Visual Studio Solution File, Format Version 12.00
# Visual Studio Version 17
VisualStudioVersion = 17.5.33516.290
MinimumVisualStudioVersion = 10.0.40219.1
Project("{FAE04EC0-301F-11D3-BF4B-00C04F79EFBC}") = "DVDUnbinder", "DVDUnbinder\DVDUnbinder.csproj", "{EC38B001-E6E8-4BF5-9D30-C3F9C8DC5EEB}"
EndProject
Project("{FAE04EC0-301F-11D3-BF4B-00C04F79EFBC}") = "DVDRebinder", "DVDRebinder\DVDRebinder.csproj", "{CA362330-E6E8-4101-8041-BCE53C492620}"
EndProject
Project("{FAE04EC0-301F-11D3-BF4B-00C04F79EFBC}") = "BhdLib", "BhdLib\BhdLib.csproj", "{432C1719-CACA-4518-A926-8D625A0D87AA}"
EndProject
Project("{FAE04EC0-301F-11D3-BF4B-00C04F79EFBC}") = "DVDBinderDumper", "DVDBinderDumper\DVDBinderDumper.csproj", "{747035A2-2A9D-486B-BD62-64C630086C57}"
EndProject
Project("{9A19103F-16F7-4668-BE54-9A1E7A4F7556}") = "SoulsFormatsExtended", "..\SoulsFormatsExtended\SoulsFormats\SoulsFormatsExtended.csproj", "{E97342A4-7B18-46D6-91BE-5A9AF13A77D1}"
EndProject
Global
	GlobalSection(SolutionConfigurationPlatforms) = preSolution
		Debug|Any CPU = Debug|Any CPU
		Release|Any CPU = Release|Any CPU
	EndGlobalSection
	GlobalSection(ProjectConfigurationPlatforms) = postSolution
		{EC38B001-E6E8-4BF5-9D30-C3F9C8DC5EEB}.Debug|Any CPU.ActiveCfg = Debug|Any CPU
		{EC38B001-E6E8-4BF5-9D30-C3F9C8DC5EEB}.Debug|Any CPU.Build.0 = Debug|Any CPU
		{EC38B001-E6E8-4BF5-9D30-C3F9C8DC5EEB}.Release|Any CPU.ActiveCfg = Release|Any CPU
		{EC38B001-E6E8-4BF5-9D30-C3F9C8DC5EEB}.Release|Any CPU.Build.0 = Release|Any CPU
		{CA362330-E6E8-4101-8041-BCE53C492620}.Debug|Any CPU.ActiveCfg = Debug|Any CPU
		{CA362330-E6E8-4101-8041-BCE53C492620}.Debug|Any CPU.Build.0 = Debug|Any CPU
		{CA362330-E6E8-4101-8041-BCE53C492620}.Release|Any CPU.ActiveCfg = Release|Any CPU
		{CA362330-E6E8-4101-8041-BCE53C492620}.Release|Any CPU.Build.0 = Release|Any CPU
		{432C1719-CACA-4518-A926-8D625A0D87AA}.Debug|Any CPU.ActiveCfg = Debug|Any CPU
		{432C1719-CACA-4518-A926-8D625A0D87AA}.Debug|Any CPU.Build.0 = Debug|Any CPU
		{432C1719-CACA-4518-A926-8D625A0D87AA}.Release|Any CPU.ActiveCfg = Release|Any CPU
		{432C1719-CACA-4518-A926-8D625A0D87AA}.Release|Any CPU.Build.0 = Release|Any CPU
		{747035A2-2A9D-486B-BD62-64C630086C57}.Debug|Any CPU.ActiveCfg = Debug|Any CPU
		{747035A2-2A9D-486B-BD62-64C630086C57}.Debug|Any CPU.Build.0 = Debug|Any CPU
		{747035A2-2A9D-486B-BD62-64C630086C57}.Release|Any CPU.ActiveCfg = Release|Any CPU
		{747035A2-2A9D-486B-BD62-64C630086C57}.Release|Any CPU.Build.0 = Release|Any CPU
		{E97342A4-7B18-46D6-91BE-5A9AF13A77D1}.Debug|Any CPU.ActiveCfg = Debug|Any CPU
		{E97342A4-7B18-46D6-91BE-5A9AF13A77D1}.Debug|Any CPU.Build.0 = Debug|Any CPU
		{E97342A4-7B18-46D6-91BE-5A9AF13A77D1}.Release|Any CPU.ActiveCfg = Release|Any CPU
		{E97342A4-7B18-46D6-91BE-5A9AF13A77D1}.Release|Any CPU.Build.0 = Release|Any CPU
	EndGlobalSection
	GlobalSection(SolutionProperties) = preSolution
		HideSolutionNode = FALSE
	EndGlobalSection
	GlobalSection(ExtensibilityGlobals) = postSolution
		SolutionGuid = {06D3856B-E364-41F5-949D-B6FEB6D98FF2}
	EndGlobalSection
EndGlobal
